
Microsoft Visual Studio Solution File, Format Version 12.00
# Visual Studio 15
VisualStudioVersion = 15.0.27130.2027
MinimumVisualStudioVersion = 10.0.40219.1
Project("{FAE04EC0-301F-11D3-BF4B-00C04F79EFBC}") = "masterarepa", "masterarepa\masterarepa.csproj", "{00132F6D-3382-4DD4-8B74-D26FA3DA4571}"
EndProject
Global
	GlobalSection(SolutionConfigurationPlatforms) = preSolution
		Debug|Any CPU = Debug|Any CPU
		Release|Any CPU = Release|Any CPU
	EndGlobalSection
	GlobalSection(ProjectConfigurationPlatforms) = postSolution
		{00132F6D-3382-4DD4-8B74-D26FA3DA4571}.Debug|Any CPU.ActiveCfg = Debug|Any CPU
		{00132F6D-3382-4DD4-8B74-D26FA3DA4571}.Debug|Any CPU.Build.0 = Debug|Any CPU
		{00132F6D-3382-4DD4-8B74-D26FA3DA4571}.Release|Any CPU.ActiveCfg = Release|Any CPU
		{00132F6D-3382-4DD4-8B74-D26FA3DA4571}.Release|Any CPU.Build.0 = Release|Any CPU
	EndGlobalSection
	GlobalSection(SolutionProperties) = preSolution
		HideSolutionNode = FALSE
	EndGlobalSection
	GlobalSection(ExtensibilityGlobals) = postSolution
		SolutionGuid = {8E69A391-F69E-41D0-84BC-77E897E65471}
	EndGlobalSection
EndGlobal
